
Microsoft Visual Studio Solution File, Format Version 12.00
# Visual Studio Version 17
VisualStudioVersion = 17.11.35303.130
MinimumVisualStudioVersion = 10.0.40219.1
Project("{FAE04EC0-301F-11D3-BF4B-00C04F79EFBC}") = "MyFirstApp", "MyFirstApp\MyFirstApp.csproj", "{1FDFC3B9-3CAE-44DA-AFC0-F9994B6270E8}"
EndProject
Global
	GlobalSection(SolutionConfigurationPlatforms) = preSolution
		Debug|Any CPU = Debug|Any CPU
		Release|Any CPU = Release|Any CPU
	EndGlobalSection
	GlobalSection(ProjectConfigurationPlatforms) = postSolution
		{1FDFC3B9-3CAE-44DA-AFC0-F9994B6270E8}.Debug|Any CPU.ActiveCfg = Debug|Any CPU
		{1FDFC3B9-3CAE-44DA-AFC0-F9994B6270E8}.Debug|Any CPU.Build.0 = Debug|Any CPU
		{1FDFC3B9-3CAE-44DA-AFC0-F9994B6270E8}.Release|Any CPU.ActiveCfg = Release|Any CPU
		{1FDFC3B9-3CAE-44DA-AFC0-F9994B6270E8}.Release|Any CPU.Build.0 = Release|Any CPU
	EndGlobalSection
	GlobalSection(SolutionProperties) = preSolution
		HideSolutionNode = FALSE
	EndGlobalSection
	GlobalSection(ExtensibilityGlobals) = postSolution
		SolutionGuid = {FBD8AC96-2E4D-4330-A3FA-5FB9808930C6}
	EndGlobalSection
EndGlobal
